{
  "name": "eslint_d-plugin-test",
  "version": "0.0.0",
  "lockfileVersion": 2,
  "requires": true,
  "packages": {
    "": {
      "name": "eslint_d-plugin-test",
      "version": "0.0.0",
      "devDependencies": {
        "eslint-plugin-mocha": "^6.2.2"
      }
    },
    "node_modules/eslint-plugin-mocha": {
      "version": "6.2.2",
      "resolved": "https://registry.npmjs.org/eslint-plugin-mocha/-/eslint-plugin-mocha-6.2.2.tgz",
      "integrity": "sha512-oNhPzfkT6Q6CJ0HMVJ2KLxEWG97VWGTmuHOoRcDLE0U88ugUyFNV9wrT2XIt5cGtqc5W9k38m4xTN34L09KhBA==",
      "dev": true,
      "dependencies": {
        "ramda": "^0.26.1"
      },
      "engines": {
        "node": ">=8.0.0"
      }
    },
    "node_modules/ramda": {
      "version": "0.26.1",
      "resolved": "https://registry.npmjs.org/ramda/-/ramda-0.26.1.tgz",
      "integrity": "sha512-hLWjpy7EnsDBb0p+Z3B7rPi3GDeRG5ZtiI33kJhTt+ORCd38AbAIjB/9zRIUoeTbE/AVX5ZkU7m6bznsvrf8eQ==",
      "dev": true
    }
  },
  "dependencies": {
    "eslint-plugin-mocha": {
      "version": "6.2.2",
      "resolved": "https://registry.npmjs.org/eslint-plugin-mocha/-/eslint-plugin-mocha-6.2.2.tgz",
      "integrity": "sha512-oNhPzfkT6Q6CJ0HMVJ2KLxEWG97VWGTmuHOoRcDLE0U88ugUyFNV9wrT2XIt5cGtqc5W9k38m4xTN34L09KhBA==",
      "dev": true,
      "requires": {
        "ramda": "^0.26.1"
      }
    },
    "ramda": {
      "version": "0.26.1",
      "resolved": "https://registry.npmjs.org/ramda/-/ramda-0.26.1.tgz",
      "integrity": "sha512-hLWjpy7EnsDBb0p+Z3B7rPi3GDeRG5ZtiI33kJhTt+ORCd38AbAIjB/9zRIUoeTbE/AVX5ZkU7m6bznsvrf8eQ==",
      "dev": true
    }
  }
}
